
Microsoft Visual Studio Solution File, Format Version 12.00
# Visual Studio Version 16
VisualStudioVersion = 16.0.30503.244
MinimumVisualStudioVersion = 10.0.40219.1
Project("{9A19103F-16F7-4668-BE54-9A1E7A4F7556}") = "BotExample", "BotExample\BotExample.csproj", "{7D41119A-7171-4E74-BB0A-AF6EA78310C6}"
EndProject
Global
	GlobalSection(SolutionConfigurationPlatforms) = preSolution
		Debug|Any CPU = Debug|Any CPU
		Release|Any CPU = Release|Any CPU
	EndGlobalSection
	GlobalSection(ProjectConfigurationPlatforms) = postSolution
		{7D41119A-7171-4E74-BB0A-AF6EA78310C6}.Debug|Any CPU.ActiveCfg = Debug|Any CPU
		{7D41119A-7171-4E74-BB0A-AF6EA78310C6}.Debug|Any CPU.Build.0 = Debug|Any CPU
		{7D41119A-7171-4E74-BB0A-AF6EA78310C6}.Release|Any CPU.ActiveCfg = Release|Any CPU
		{7D41119A-7171-4E74-BB0A-AF6EA78310C6}.Release|Any CPU.Build.0 = Release|Any CPU
	EndGlobalSection
	GlobalSection(SolutionProperties) = preSolution
		HideSolutionNode = FALSE
	EndGlobalSection
	GlobalSection(ExtensibilityGlobals) = postSolution
		SolutionGuid = {31DD1458-B679-4EA0-BF2E-78DA4FF313F3}
	EndGlobalSection
EndGlobal
